
Microsoft Visual Studio Solution File, Format Version 12.00
# Visual Studio 14
VisualStudioVersion = 14.0.23107.0
MinimumVisualStudioVersion = 10.0.40219.1
Project("{FAE04EC0-301F-11D3-BF4B-00C04F79EFBC}") = "ITI.Archi-Vite.WebApi", "ITI.Archi-Vite.WebApi\ITI.Archi-Vite.WebApi.csproj", "{A53541C2-1666-42ED-9608-225E8F49EEFE}"
EndProject
Project("{FAE04EC0-301F-11D3-BF4B-00C04F79EFBC}") = "ITI.Archi-Vite.DataBase", "ITI.Archi-Vite.DataBase\ITI.Archi-Vite.DataBase.csproj", "{31A7B949-14C8-4BD1-BF34-082D340BB885}"
EndProject
Project("{FAE04EC0-301F-11D3-BF4B-00C04F79EFBC}") = "ITI.Archi-Vite.DataBase.Test", "ITI.Archi-Vite.DataBase.Test\ITI.Archi-Vite.DataBase.Test.csproj", "{677BF782-C605-47CF-B753-1E156C9E6BDC}"
EndProject
Project("{FAE04EC0-301F-11D3-BF4B-00C04F79EFBC}") = "ITI.Archi-Vite.Core", "ITI.Archi-Vite.Core\ITI.Archi-Vite.Core.csproj", "{8E1DD5E5-0186-4BE5-9999-970BA6D75744}"
EndProject
Project("{FAE04EC0-301F-11D3-BF4B-00C04F79EFBC}") = "ITI.Archi_Vite.Forms", "ITI.Archi-Vite.Forms\ITI.Archi_Vite.Forms\ITI.Archi_Vite.Forms.csproj", "{2EB0C88C-59C3-47AB-B038-D355AC2AF597}"
EndProject
Project("{FAE04EC0-301F-11D3-BF4B-00C04F79EFBC}") = "ITI.Archi_Vite.Forms.iOS", "ITI.Archi-Vite.Forms\ITI.Archi_Vite.Forms.iOS\ITI.Archi_Vite.Forms.iOS.csproj", "{CE6B634E-9EBB-429D-9045-C0B3B03F4560}"
EndProject
Project("{FAE04EC0-301F-11D3-BF4B-00C04F79EFBC}") = "ITI.Archi_Vite.Forms.Droid", "ITI.Archi-Vite.Forms\ITI.Archi_Vite.Forms.Droid\ITI.Archi_Vite.Forms.Droid.csproj", "{4B7D76D7-777B-42DA-AF4D-48872E82FCE6}"
EndProject
Global
	GlobalSection(SolutionConfigurationPlatforms) = preSolution
		Ad-Hoc|Any CPU = Ad-Hoc|Any CPU
		Ad-Hoc|iPhone = Ad-Hoc|iPhone
		Ad-Hoc|iPhoneSimulator = Ad-Hoc|iPhoneSimulator
		AppStore|Any CPU = AppStore|Any CPU
		AppStore|iPhone = AppStore|iPhone
		AppStore|iPhoneSimulator = AppStore|iPhoneSimulator
		Debug|Any CPU = Debug|Any CPU
		Debug|iPhone = Debug|iPhone
		Debug|iPhoneSimulator = Debug|iPhoneSimulator
		Release|Any CPU = Release|Any CPU
		Release|iPhone = Release|iPhone
		Release|iPhoneSimulator = Release|iPhoneSimulator
	EndGlobalSection
	GlobalSection(ProjectConfigurationPlatforms) = postSolution
		{A53541C2-1666-42ED-9608-225E8F49EEFE}.Ad-Hoc|Any CPU.ActiveCfg = Release|Any CPU
		{A53541C2-1666-42ED-9608-225E8F49EEFE}.Ad-Hoc|Any CPU.Build.0 = Release|Any CPU
		{A53541C2-1666-42ED-9608-225E8F49EEFE}.Ad-Hoc|iPhone.ActiveCfg = Release|Any CPU
		{A53541C2-1666-42ED-9608-225E8F49EEFE}.Ad-Hoc|iPhone.Build.0 = Release|Any CPU
		{A53541C2-1666-42ED-9608-225E8F49EEFE}.Ad-Hoc|iPhoneSimulator.ActiveCfg = Release|Any CPU
		{A53541C2-1666-42ED-9608-225E8F49EEFE}.Ad-Hoc|iPhoneSimulator.Build.0 = Release|Any CPU
		{A53541C2-1666-42ED-9608-225E8F49EEFE}.AppStore|Any CPU.ActiveCfg = Release|Any CPU
		{A53541C2-1666-42ED-9608-225E8F49EEFE}.AppStore|Any CPU.Build.0 = Release|Any CPU
		{A53541C2-1666-42ED-9608-225E8F49EEFE}.AppStore|iPhone.ActiveCfg = Release|Any CPU
		{A53541C2-1666-42ED-9608-225E8F49EEFE}.AppStore|iPhone.Build.0 = Release|Any CPU
		{A53541C2-1666-42ED-9608-225E8F49EEFE}.AppStore|iPhoneSimulator.ActiveCfg = Release|Any CPU
		{A53541C2-1666-42ED-9608-225E8F49EEFE}.AppStore|iPhoneSimulator.Build.0 = Release|Any CPU
		{A53541C2-1666-42ED-9608-225E8F49EEFE}.Debug|Any CPU.ActiveCfg = Debug|Any CPU
		{A53541C2-1666-42ED-9608-225E8F49EEFE}.Debug|Any CPU.Build.0 = Debug|Any CPU
		{A53541C2-1666-42ED-9608-225E8F49EEFE}.Debug|iPhone.ActiveCfg = Debug|Any CPU
		{A53541C2-1666-42ED-9608-225E8F49EEFE}.Debug|iPhone.Build.0 = Debug|Any CPU
		{A53541C2-1666-42ED-9608-225E8F49EEFE}.Debug|iPhoneSimulator.ActiveCfg = Debug|Any CPU
		{A53541C2-1666-42ED-9608-225E8F49EEFE}.Debug|iPhoneSimulator.Build.0 = Debug|Any CPU
		{A53541C2-1666-42ED-9608-225E8F49EEFE}.Release|Any CPU.ActiveCfg = Release|Any CPU
		{A53541C2-1666-42ED-9608-225E8F49EEFE}.Release|Any CPU.Build.0 = Release|Any CPU
		{A53541C2-1666-42ED-9608-225E8F49EEFE}.Release|iPhone.ActiveCfg = Release|Any CPU
		{A53541C2-1666-42ED-9608-225E8F49EEFE}.Release|iPhone.Build.0 = Release|Any CPU
		{A53541C2-1666-42ED-9608-225E8F49EEFE}.Release|iPhoneSimulator.ActiveCfg = Release|Any CPU
		{A53541C2-1666-42ED-9608-225E8F49EEFE}.Release|iPhoneSimulator.Build.0 = Release|Any CPU
		{31A7B949-14C8-4BD1-BF34-082D340BB885}.Ad-Hoc|Any CPU.ActiveCfg = Release|Any CPU
		{31A7B949-14C8-4BD1-BF34-082D340BB885}.Ad-Hoc|Any CPU.Build.0 = Release|Any CPU
		{31A7B949-14C8-4BD1-BF34-082D340BB885}.Ad-Hoc|iPhone.ActiveCfg = Release|Any CPU
		{31A7B949-14C8-4BD1-BF34-082D340BB885}.Ad-Hoc|iPhone.Build.0 = Release|Any CPU
		{31A7B949-14C8-4BD1-BF34-082D340BB885}.Ad-Hoc|iPhoneSimulator.ActiveCfg = Release|Any CPU
		{31A7B949-14C8-4BD1-BF34-082D340BB885}.Ad-Hoc|iPhoneSimulator.Build.0 = Release|Any CPU
		{31A7B949-14C8-4BD1-BF34-082D340BB885}.AppStore|Any CPU.ActiveCfg = Release|Any CPU
		{31A7B949-14C8-4BD1-BF34-082D340BB885}.AppStore|Any CPU.Build.0 = Release|Any CPU
		{31A7B949-14C8-4BD1-BF34-082D340BB885}.AppStore|iPhone.ActiveCfg = Release|Any CPU
		{31A7B949-14C8-4BD1-BF34-082D340BB885}.AppStore|iPhone.Build.0 = Release|Any CPU
		{31A7B949-14C8-4BD1-BF34-082D340BB885}.AppStore|iPhoneSimulator.ActiveCfg = Release|Any CPU
		{31A7B949-14C8-4BD1-BF34-082D340BB885}.AppStore|iPhoneSimulator.Build.0 = Release|Any CPU
		{31A7B949-14C8-4BD1-BF34-082D340BB885}.Debug|Any CPU.ActiveCfg = Debug|Any CPU
		{31A7B949-14C8-4BD1-BF34-082D340BB885}.Debug|Any CPU.Build.0 = Debug|Any CPU
		{31A7B949-14C8-4BD1-BF34-082D340BB885}.Debug|iPhone.ActiveCfg = Debug|Any CPU
		{31A7B949-14C8-4BD1-BF34-082D340BB885}.Debug|iPhone.Build.0 = Debug|Any CPU
		{31A7B949-14C8-4BD1-BF34-082D340BB885}.Debug|iPhoneSimulator.ActiveCfg = Debug|Any CPU
		{31A7B949-14C8-4BD1-BF34-082D340BB885}.Debug|iPhoneSimulator.Build.0 = Debug|Any CPU
		{31A7B949-14C8-4BD1-BF34-082D340BB885}.Release|Any CPU.ActiveCfg = Release|Any CPU
		{31A7B949-14C8-4BD1-BF34-082D340BB885}.Release|Any CPU.Build.0 = Release|Any CPU
		{31A7B949-14C8-4BD1-BF34-082D340BB885}.Release|iPhone.ActiveCfg = Release|Any CPU
		{31A7B949-14C8-4BD1-BF34-082D340BB885}.Release|iPhone.Build.0 = Release|Any CPU
		{31A7B949-14C8-4BD1-BF34-082D340BB885}.Release|iPhoneSimulator.ActiveCfg = Release|Any CPU
		{31A7B949-14C8-4BD1-BF34-082D340BB885}.Release|iPhoneSimulator.Build.0 = Release|Any CPU
		{677BF782-C605-47CF-B753-1E156C9E6BDC}.Ad-Hoc|Any CPU.ActiveCfg = Release|Any CPU
		{677BF782-C605-47CF-B753-1E156C9E6BDC}.Ad-Hoc|Any CPU.Build.0 = Release|Any CPU
		{677BF782-C605-47CF-B753-1E156C9E6BDC}.Ad-Hoc|iPhone.ActiveCfg = Release|Any CPU
		{677BF782-C605-47CF-B753-1E156C9E6BDC}.Ad-Hoc|iPhone.Build.0 = Release|Any CPU
		{677BF782-C605-47CF-B753-1E156C9E6BDC}.Ad-Hoc|iPhoneSimulator.ActiveCfg = Release|Any CPU
		{677BF782-C605-47CF-B753-1E156C9E6BDC}.Ad-Hoc|iPhoneSimulator.Build.0 = Release|Any CPU
		{677BF782-C605-47CF-B753-1E156C9E6BDC}.AppStore|Any CPU.ActiveCfg = Release|Any CPU
		{677BF782-C605-47CF-B753-1E156C9E6BDC}.AppStore|Any CPU.Build.0 = Release|Any CPU
		{677BF782-C605-47CF-B753-1E156C9E6BDC}.AppStore|iPhone.ActiveCfg = Release|Any CPU
		{677BF782-C605-47CF-B753-1E156C9E6BDC}.AppStore|iPhone.Build.0 = Release|Any CPU
		{677BF782-C605-47CF-B753-1E156C9E6BDC}.AppStore|iPhoneSimulator.ActiveCfg = Release|Any CPU
		{677BF782-C605-47CF-B753-1E156C9E6BDC}.AppStore|iPhoneSimulator.Build.0 = Release|Any CPU
		{677BF782-C605-47CF-B753-1E156C9E6BDC}.Debug|Any CPU.ActiveCfg = Debug|Any CPU
		{677BF782-C605-47CF-B753-1E156C9E6BDC}.Debug|Any CPU.Build.0 = Debug|Any CPU
		{677BF782-C605-47CF-B753-1E156C9E6BDC}.Debug|iPhone.ActiveCfg = Debug|Any CPU
		{677BF782-C605-47CF-B753-1E156C9E6BDC}.Debug|iPhone.Build.0 = Debug|Any CPU
		{677BF782-C605-47CF-B753-1E156C9E6BDC}.Debug|iPhoneSimulator.ActiveCfg = Debug|Any CPU
		{677BF782-C605-47CF-B753-1E156C9E6BDC}.Debug|iPhoneSimulator.Build.0 = Debug|Any CPU
		{677BF782-C605-47CF-B753-1E156C9E6BDC}.Release|Any CPU.ActiveCfg = Release|Any CPU
		{677BF782-C605-47CF-B753-1E156C9E6BDC}.Release|Any CPU.Build.0 = Release|Any CPU
		{677BF782-C605-47CF-B753-1E156C9E6BDC}.Release|iPhone.ActiveCfg = Release|Any CPU
		{677BF782-C605-47CF-B753-1E156C9E6BDC}.Release|iPhone.Build.0 = Release|Any CPU
		{677BF782-C605-47CF-B753-1E156C9E6BDC}.Release|iPhoneSimulator.ActiveCfg = Release|Any CPU
		{677BF782-C605-47CF-B753-1E156C9E6BDC}.Release|iPhoneSimulator.Build.0 = Release|Any CPU
		{8E1DD5E5-0186-4BE5-9999-970BA6D75744}.Ad-Hoc|Any CPU.ActiveCfg = Release|Any CPU
		{8E1DD5E5-0186-4BE5-9999-970BA6D75744}.Ad-Hoc|Any CPU.Build.0 = Release|Any CPU
		{8E1DD5E5-0186-4BE5-9999-970BA6D75744}.Ad-Hoc|iPhone.ActiveCfg = Release|Any CPU
		{8E1DD5E5-0186-4BE5-9999-970BA6D75744}.Ad-Hoc|iPhone.Build.0 = Release|Any CPU
		{8E1DD5E5-0186-4BE5-9999-970BA6D75744}.Ad-Hoc|iPhoneSimulator.ActiveCfg = Release|Any CPU
		{8E1DD5E5-0186-4BE5-9999-970BA6D75744}.Ad-Hoc|iPhoneSimulator.Build.0 = Release|Any CPU
		{8E1DD5E5-0186-4BE5-9999-970BA6D75744}.AppStore|Any CPU.ActiveCfg = Release|Any CPU
		{8E1DD5E5-0186-4BE5-9999-970BA6D75744}.AppStore|Any CPU.Build.0 = Release|Any CPU
		{8E1DD5E5-0186-4BE5-9999-970BA6D75744}.AppStore|iPhone.ActiveCfg = Release|Any CPU
		{8E1DD5E5-0186-4BE5-9999-970BA6D75744}.AppStore|iPhone.Build.0 = Release|Any CPU
		{8E1DD5E5-0186-4BE5-9999-970BA6D75744}.AppStore|iPhoneSimulator.ActiveCfg = Release|Any CPU
		{8E1DD5E5-0186-4BE5-9999-970BA6D75744}.AppStore|iPhoneSimulator.Build.0 = Release|Any CPU
		{8E1DD5E5-0186-4BE5-9999-970BA6D75744}.Debug|Any CPU.ActiveCfg = Debug|Any CPU
		{8E1DD5E5-0186-4BE5-9999-970BA6D75744}.Debug|Any CPU.Build.0 = Debug|Any CPU
		{8E1DD5E5-0186-4BE5-9999-970BA6D75744}.Debug|iPhone.ActiveCfg = Debug|Any CPU
		{8E1DD5E5-0186-4BE5-9999-970BA6D75744}.Debug|iPhone.Build.0 = Debug|Any CPU
		{8E1DD5E5-0186-4BE5-9999-970BA6D75744}.Debug|iPhoneSimulator.ActiveCfg = Debug|Any CPU
		{8E1DD5E5-0186-4BE5-9999-970BA6D75744}.Debug|iPhoneSimulator.Build.0 = Debug|Any CPU
		{8E1DD5E5-0186-4BE5-9999-970BA6D75744}.Release|Any CPU.ActiveCfg = Release|Any CPU
		{8E1DD5E5-0186-4BE5-9999-970BA6D75744}.Release|Any CPU.Build.0 = Release|Any CPU
		{8E1DD5E5-0186-4BE5-9999-970BA6D75744}.Release|iPhone.ActiveCfg = Release|Any CPU
		{8E1DD5E5-0186-4BE5-9999-970BA6D75744}.Release|iPhone.Build.0 = Release|Any CPU
		{8E1DD5E5-0186-4BE5-9999-970BA6D75744}.Release|iPhoneSimulator.ActiveCfg = Release|Any CPU
		{8E1DD5E5-0186-4BE5-9999-970BA6D75744}.Release|iPhoneSimulator.Build.0 = Release|Any CPU
		{2EB0C88C-59C3-47AB-B038-D355AC2AF597}.Ad-Hoc|Any CPU.ActiveCfg = Release|Any CPU
		{2EB0C88C-59C3-47AB-B038-D355AC2AF597}.Ad-Hoc|Any CPU.Build.0 = Release|Any CPU
		{2EB0C88C-59C3-47AB-B038-D355AC2AF597}.Ad-Hoc|iPhone.ActiveCfg = Release|Any CPU
		{2EB0C88C-59C3-47AB-B038-D355AC2AF597}.Ad-Hoc|iPhone.Build.0 = Release|Any CPU
		{2EB0C88C-59C3-47AB-B038-D355AC2AF597}.Ad-Hoc|iPhoneSimulator.ActiveCfg = Release|Any CPU
		{2EB0C88C-59C3-47AB-B038-D355AC2AF597}.Ad-Hoc|iPhoneSimulator.Build.0 = Release|Any CPU
		{2EB0C88C-59C3-47AB-B038-D355AC2AF597}.AppStore|Any CPU.ActiveCfg = Release|Any CPU
		{2EB0C88C-59C3-47AB-B038-D355AC2AF597}.AppStore|Any CPU.Build.0 = Release|Any CPU
		{2EB0C88C-59C3-47AB-B038-D355AC2AF597}.AppStore|iPhone.ActiveCfg = Release|Any CPU
		{2EB0C88C-59C3-47AB-B038-D355AC2AF597}.AppStore|iPhone.Build.0 = Release|Any CPU
		{2EB0C88C-59C3-47AB-B038-D355AC2AF597}.AppStore|iPhoneSimulator.ActiveCfg = Release|Any CPU
		{2EB0C88C-59C3-47AB-B038-D355AC2AF597}.AppStore|iPhoneSimulator.Build.0 = Release|Any CPU
		{2EB0C88C-59C3-47AB-B038-D355AC2AF597}.Debug|Any CPU.ActiveCfg = Debug|Any CPU
		{2EB0C88C-59C3-47AB-B038-D355AC2AF597}.Debug|Any CPU.Build.0 = Debug|Any CPU
		{2EB0C88C-59C3-47AB-B038-D355AC2AF597}.Debug|iPhone.ActiveCfg = Debug|Any CPU
		{2EB0C88C-59C3-47AB-B038-D355AC2AF597}.Debug|iPhone.Build.0 = Debug|Any CPU
		{2EB0C88C-59C3-47AB-B038-D355AC2AF597}.Debug|iPhoneSimulator.ActiveCfg = Debug|Any CPU
		{2EB0C88C-59C3-47AB-B038-D355AC2AF597}.Debug|iPhoneSimulator.Build.0 = Debug|Any CPU
		{2EB0C88C-59C3-47AB-B038-D355AC2AF597}.Release|Any CPU.ActiveCfg = Release|Any CPU
		{2EB0C88C-59C3-47AB-B038-D355AC2AF597}.Release|Any CPU.Build.0 = Release|Any CPU
		{2EB0C88C-59C3-47AB-B038-D355AC2AF597}.Release|iPhone.ActiveCfg = Release|Any CPU
		{2EB0C88C-59C3-47AB-B038-D355AC2AF597}.Release|iPhone.Build.0 = Release|Any CPU
		{2EB0C88C-59C3-47AB-B038-D355AC2AF597}.Release|iPhoneSimulator.ActiveCfg = Release|Any CPU
		{2EB0C88C-59C3-47AB-B038-D355AC2AF597}.Release|iPhoneSimulator.Build.0 = Release|Any CPU
		{CE6B634E-9EBB-429D-9045-C0B3B03F4560}.Ad-Hoc|Any CPU.ActiveCfg = Ad-Hoc|iPhone
		{CE6B634E-9EBB-429D-9045-C0B3B03F4560}.Ad-Hoc|iPhone.ActiveCfg = Ad-Hoc|iPhone
		{CE6B634E-9EBB-429D-9045-C0B3B03F4560}.Ad-Hoc|iPhone.Build.0 = Ad-Hoc|iPhone
		{CE6B634E-9EBB-429D-9045-C0B3B03F4560}.Ad-Hoc|iPhoneSimulator.ActiveCfg = Ad-Hoc|iPhoneSimulator
		{CE6B634E-9EBB-429D-9045-C0B3B03F4560}.Ad-Hoc|iPhoneSimulator.Build.0 = Ad-Hoc|iPhoneSimulator
		{CE6B634E-9EBB-429D-9045-C0B3B03F4560}.AppStore|Any CPU.ActiveCfg = AppStore|iPhone
		{CE6B634E-9EBB-429D-9045-C0B3B03F4560}.AppStore|iPhone.ActiveCfg = AppStore|iPhone
		{CE6B634E-9EBB-429D-9045-C0B3B03F4560}.AppStore|iPhone.Build.0 = AppStore|iPhone
		{CE6B634E-9EBB-429D-9045-C0B3B03F4560}.AppStore|iPhoneSimulator.ActiveCfg = AppStore|iPhoneSimulator
		{CE6B634E-9EBB-429D-9045-C0B3B03F4560}.AppStore|iPhoneSimulator.Build.0 = AppStore|iPhoneSimulator
		{CE6B634E-9EBB-429D-9045-C0B3B03F4560}.Debug|Any CPU.ActiveCfg = Debug|iPhone
		{CE6B634E-9EBB-429D-9045-C0B3B03F4560}.Debug|iPhone.ActiveCfg = Debug|iPhone
		{CE6B634E-9EBB-429D-9045-C0B3B03F4560}.Debug|iPhone.Build.0 = Debug|iPhone
		{CE6B634E-9EBB-429D-9045-C0B3B03F4560}.Debug|iPhoneSimulator.ActiveCfg = Debug|iPhoneSimulator
		{CE6B634E-9EBB-429D-9045-C0B3B03F4560}.Debug|iPhoneSimulator.Build.0 = Debug|iPhoneSimulator
		{CE6B634E-9EBB-429D-9045-C0B3B03F4560}.Release|Any CPU.ActiveCfg = Release|iPhone
		{CE6B634E-9EBB-429D-9045-C0B3B03F4560}.Release|iPhone.ActiveCfg = Release|iPhone
		{CE6B634E-9EBB-429D-9045-C0B3B03F4560}.Release|iPhone.Build.0 = Release|iPhone
		{CE6B634E-9EBB-429D-9045-C0B3B03F4560}.Release|iPhoneSimulator.ActiveCfg = Release|iPhoneSimulator
		{CE6B634E-9EBB-429D-9045-C0B3B03F4560}.Release|iPhoneSimulator.Build.0 = Release|iPhoneSimulator
		{4B7D76D7-777B-42DA-AF4D-48872E82FCE6}.Ad-Hoc|Any CPU.ActiveCfg = Release|Any CPU
		{4B7D76D7-777B-42DA-AF4D-48872E82FCE6}.Ad-Hoc|Any CPU.Build.0 = Release|Any CPU
		{4B7D76D7-777B-42DA-AF4D-48872E82FCE6}.Ad-Hoc|Any CPU.Deploy.0 = Release|Any CPU
		{4B7D76D7-777B-42DA-AF4D-48872E82FCE6}.Ad-Hoc|iPhone.ActiveCfg = Release|Any CPU
		{4B7D76D7-777B-42DA-AF4D-48872E82FCE6}.Ad-Hoc|iPhone.Build.0 = Release|Any CPU
		{4B7D76D7-777B-42DA-AF4D-48872E82FCE6}.Ad-Hoc|iPhone.Deploy.0 = Release|Any CPU
		{4B7D76D7-777B-42DA-AF4D-48872E82FCE6}.Ad-Hoc|iPhoneSimulator.ActiveCfg = Release|Any CPU
		{4B7D76D7-777B-42DA-AF4D-48872E82FCE6}.Ad-Hoc|iPhoneSimulator.Build.0 = Release|Any CPU
		{4B7D76D7-777B-42DA-AF4D-48872E82FCE6}.Ad-Hoc|iPhoneSimulator.Deploy.0 = Release|Any CPU
		{4B7D76D7-777B-42DA-AF4D-48872E82FCE6}.AppStore|Any CPU.ActiveCfg = Release|Any CPU
		{4B7D76D7-777B-42DA-AF4D-48872E82FCE6}.AppStore|Any CPU.Build.0 = Release|Any CPU
		{4B7D76D7-777B-42DA-AF4D-48872E82FCE6}.AppStore|Any CPU.Deploy.0 = Release|Any CPU
		{4B7D76D7-777B-42DA-AF4D-48872E82FCE6}.AppStore|iPhone.ActiveCfg = Release|Any CPU
		{4B7D76D7-777B-42DA-AF4D-48872E82FCE6}.AppStore|iPhone.Build.0 = Release|Any CPU
		{4B7D76D7-777B-42DA-AF4D-48872E82FCE6}.AppStore|iPhone.Deploy.0 = Release|Any CPU
		{4B7D76D7-777B-42DA-AF4D-48872E82FCE6}.AppStore|iPhoneSimulator.ActiveCfg = Release|Any CPU
		{4B7D76D7-777B-42DA-AF4D-48872E82FCE6}.AppStore|iPhoneSimulator.Build.0 = Release|Any CPU
		{4B7D76D7-777B-42DA-AF4D-48872E82FCE6}.AppStore|iPhoneSimulator.Deploy.0 = Release|Any CPU
		{4B7D76D7-777B-42DA-AF4D-48872E82FCE6}.Debug|Any CPU.ActiveCfg = Debug|Any CPU
		{4B7D76D7-777B-42DA-AF4D-48872E82FCE6}.Debug|Any CPU.Build.0 = Debug|Any CPU
		{4B7D76D7-777B-42DA-AF4D-48872E82FCE6}.Debug|Any CPU.Deploy.0 = Debug|Any CPU
		{4B7D76D7-777B-42DA-AF4D-48872E82FCE6}.Debug|iPhone.ActiveCfg = Debug|Any CPU
		{4B7D76D7-777B-42DA-AF4D-48872E82FCE6}.Debug|iPhone.Build.0 = Debug|Any CPU
		{4B7D76D7-777B-42DA-AF4D-48872E82FCE6}.Debug|iPhone.Deploy.0 = Debug|Any CPU
		{4B7D76D7-777B-42DA-AF4D-48872E82FCE6}.Debug|iPhoneSimulator.ActiveCfg = Debug|Any CPU
		{4B7D76D7-777B-42DA-AF4D-48872E82FCE6}.Debug|iPhoneSimulator.Build.0 = Debug|Any CPU
		{4B7D76D7-777B-42DA-AF4D-48872E82FCE6}.Debug|iPhoneSimulator.Deploy.0 = Debug|Any CPU
		{4B7D76D7-777B-42DA-AF4D-48872E82FCE6}.Release|Any CPU.ActiveCfg = Release|Any CPU
		{4B7D76D7-777B-42DA-AF4D-48872E82FCE6}.Release|Any CPU.Build.0 = Release|Any CPU
		{4B7D76D7-777B-42DA-AF4D-48872E82FCE6}.Release|Any CPU.Deploy.0 = Release|Any CPU
		{4B7D76D7-777B-42DA-AF4D-48872E82FCE6}.Release|iPhone.ActiveCfg = Release|Any CPU
		{4B7D76D7-777B-42DA-AF4D-48872E82FCE6}.Release|iPhone.Build.0 = Release|Any CPU
		{4B7D76D7-777B-42DA-AF4D-48872E82FCE6}.Release|iPhone.Deploy.0 = Release|Any CPU
		{4B7D76D7-777B-42DA-AF4D-48872E82FCE6}.Release|iPhoneSimulator.ActiveCfg = Release|Any CPU
		{4B7D76D7-777B-42DA-AF4D-48872E82FCE6}.Release|iPhoneSimulator.Build.0 = Release|Any CPU
		{4B7D76D7-777B-42DA-AF4D-48872E82FCE6}.Release|iPhoneSimulator.Deploy.0 = Release|Any CPU
	EndGlobalSection
	GlobalSection(SolutionProperties) = preSolution
		HideSolutionNode = FALSE
	EndGlobalSection
EndGlobal
